
Microsoft Visual Studio Solution File, Format Version 12.00
# Visual Studio 15
VisualStudioVersion = 15.0.28010.2050
MinimumVisualStudioVersion = 10.0.40219.1
Project("{FAE04EC0-301F-11D3-BF4B-00C04F79EFBC}") = "DataLib", "DataLib\DataLib.csproj", "{F7DEF226-3C9F-4D5F-981E-FA2458DBA38F}"
EndProject
Project("{FAE04EC0-301F-11D3-BF4B-00C04F79EFBC}") = "DatabaseController", "DatabaseController\DatabaseController.csproj", "{8AA95D92-02C2-46D2-ACE6-5125229B64FB}"
EndProject
Global
	GlobalSection(SolutionConfigurationPlatforms) = preSolution
		Debug|Any CPU = Debug|Any CPU
		Release|Any CPU = Release|Any CPU
	EndGlobalSection
	GlobalSection(ProjectConfigurationPlatforms) = postSolution
		{F7DEF226-3C9F-4D5F-981E-FA2458DBA38F}.Debug|Any CPU.ActiveCfg = Debug|Any CPU
		{F7DEF226-3C9F-4D5F-981E-FA2458DBA38F}.Debug|Any CPU.Build.0 = Debug|Any CPU
		{F7DEF226-3C9F-4D5F-981E-FA2458DBA38F}.Release|Any CPU.ActiveCfg = Release|Any CPU
		{F7DEF226-3C9F-4D5F-981E-FA2458DBA38F}.Release|Any CPU.Build.0 = Release|Any CPU
		{8AA95D92-02C2-46D2-ACE6-5125229B64FB}.Debug|Any CPU.ActiveCfg = Debug|Any CPU
		{8AA95D92-02C2-46D2-ACE6-5125229B64FB}.Debug|Any CPU.Build.0 = Debug|Any CPU
		{8AA95D92-02C2-46D2-ACE6-5125229B64FB}.Release|Any CPU.ActiveCfg = Release|Any CPU
		{8AA95D92-02C2-46D2-ACE6-5125229B64FB}.Release|Any CPU.Build.0 = Release|Any CPU
	EndGlobalSection
	GlobalSection(SolutionProperties) = preSolution
		HideSolutionNode = FALSE
	EndGlobalSection
	GlobalSection(ExtensibilityGlobals) = postSolution
		SolutionGuid = {6AC1F6E7-3D4C-45CE-867F-887960DABA9D}
	EndGlobalSection
EndGlobal
